// !$*UTF8*$!
{
	archiveVersion = 1;
	classes = {
	};
	objectVersion = 50;
	objects = {

/* Begin PBXBuildFile section */
		04170D9D22448E8A00C25005 /* NewExpenseTypeTableViewCell.swift in Sources */ = {isa = PBXBuildFile; fileRef = 04170D9B22448E8A00C25005 /* NewExpenseTypeTableViewCell.swift */; };
		04170D9E22448E8A00C25005 /* NewExpenseTypeTableViewCell.xib in Resources */ = {isa = PBXBuildFile; fileRef = 04170D9C22448E8A00C25005 /* NewExpenseTypeTableViewCell.xib */; };
		04170DA42244A06500C25005 /* ExpenseTypesTableViewCell.swift in Sources */ = {isa = PBXBuildFile; fileRef = 04170DA32244A06500C25005 /* ExpenseTypesTableViewCell.swift */; };
		04170DA62244A27400C25005 /* ExpenseTypesTableViewController.swift in Sources */ = {isa = PBXBuildFile; fileRef = 04170DA52244A27400C25005 /* ExpenseTypesTableViewController.swift */; };
		04170DB022452EF300C25005 /* ExpenseType+CoreDataClass.swift in Sources */ = {isa = PBXBuildFile; fileRef = 04170DAC22452EF300C25005 /* ExpenseType+CoreDataClass.swift */; };
		04170DB122452EF300C25005 /* ExpenseType+CoreDataProperties.swift in Sources */ = {isa = PBXBuildFile; fileRef = 04170DAD22452EF300C25005 /* ExpenseType+CoreDataProperties.swift */; };
		04170DB222452EF300C25005 /* Transaction+CoreDataClass.swift in Sources */ = {isa = PBXBuildFile; fileRef = 04170DAE22452EF300C25005 /* Transaction+CoreDataClass.swift */; };
		04170DB322452EF300C25005 /* Transaction+CoreDataProperties.swift in Sources */ = {isa = PBXBuildFile; fileRef = 04170DAF22452EF300C25005 /* Transaction+CoreDataProperties.swift */; };
		04170DB922454C1F00C25005 /* ExpenseTypesUpdater.swift in Sources */ = {isa = PBXBuildFile; fileRef = 04170DB822454C1F00C25005 /* ExpenseTypesUpdater.swift */; };
		04170DC42246C7CB00C25005 /* ExpensesTableViewController.swift in Sources */ = {isa = PBXBuildFile; fileRef = 04170DC32246C7CB00C25005 /* ExpensesTableViewController.swift */; };
		04170DC62246C9B200C25005 /* ExpensesTableViewCell.swift in Sources */ = {isa = PBXBuildFile; fileRef = 04170DC52246C9B200C25005 /* ExpensesTableViewCell.swift */; };
		04170DCD2246D3DC00C25005 /* Date.swift in Sources */ = {isa = PBXBuildFile; fileRef = 04170DCC2246D3DC00C25005 /* Date.swift */; };
		04170DD22248214700C25005 /* ExpenseHistoryTableViewCell.swift in Sources */ = {isa = PBXBuildFile; fileRef = 04170DD12248214700C25005 /* ExpenseHistoryTableViewCell.swift */; };
		04170DD4224827FA00C25005 /* ExpenseHistoryTableViewController.swift in Sources */ = {isa = PBXBuildFile; fileRef = 04170DD3224827FA00C25005 /* ExpenseHistoryTableViewController.swift */; };
		04170DD722484C4100C25005 /* EditExpensesViewController.swift in Sources */ = {isa = PBXBuildFile; fileRef = 04170DD622484C4100C25005 /* EditExpensesViewController.swift */; };
		04170DDA22486FA700C25005 /* SegueFromRight.swift in Sources */ = {isa = PBXBuildFile; fileRef = 04170DD922486FA700C25005 /* SegueFromRight.swift */; };
		04170DDC2249188A00C25005 /* String.swift in Sources */ = {isa = PBXBuildFile; fileRef = 04170DDB2249188A00C25005 /* String.swift */; };
		04170DDF2249704E00C25005 /* TabBarControllerSwitch.swift in Sources */ = {isa = PBXBuildFile; fileRef = 04170DDE2249704E00C25005 /* TabBarControllerSwitch.swift */; };
		04C89631224404FA0000DB6C /* AppDelegate.swift in Sources */ = {isa = PBXBuildFile; fileRef = 04C89630224404FA0000DB6C /* AppDelegate.swift */; };
		04C89633224404FA0000DB6C /* AddTransactionViewController.swift in Sources */ = {isa = PBXBuildFile; fileRef = 04C89632224404FA0000DB6C /* AddTransactionViewController.swift */; };
		04C89636224404FA0000DB6C /* Main.storyboard in Resources */ = {isa = PBXBuildFile; fileRef = 04C89634224404FA0000DB6C /* Main.storyboard */; };
		04C89639224404FA0000DB6C /* Expense_Tracker.xcdatamodeld in Sources */ = {isa = PBXBuildFile; fileRef = 04C89637224404FA0000DB6C /* Expense_Tracker.xcdatamodeld */; };
		04C8963B224404FC0000DB6C /* Assets.xcassets in Resources */ = {isa = PBXBuildFile; fileRef = 04C8963A224404FC0000DB6C /* Assets.xcassets */; };
		04C8963E224404FC0000DB6C /* LaunchScreen.storyboard in Resources */ = {isa = PBXBuildFile; fileRef = 04C8963C224404FC0000DB6C /* LaunchScreen.storyboard */; };
		04C8964822446C360000DB6C /* Immutables.swift in Sources */ = {isa = PBXBuildFile; fileRef = 04C8964722446C360000DB6C /* Immutables.swift */; };
/* End PBXBuildFile section */

/* Begin PBXFileReference section */
		04170D9B22448E8A00C25005 /* NewExpenseTypeTableViewCell.swift */ = {isa = PBXFileReference; lastKnownFileType = sourcecode.swift; path = NewExpenseTypeTableViewCell.swift; sourceTree = "<group>"; };
		04170D9C22448E8A00C25005 /* NewExpenseTypeTableViewCell.xib */ = {isa = PBXFileReference; lastKnownFileType = file.xib; path = NewExpenseTypeTableViewCell.xib; sourceTree = "<group>"; };
		04170DA32244A06500C25005 /* ExpenseTypesTableViewCell.swift */ = {isa = PBXFileReference; lastKnownFileType = sourcecode.swift; path = ExpenseTypesTableViewCell.swift; sourceTree = "<group>"; };
		04170DA52244A27400C25005 /* ExpenseTypesTableViewController.swift */ = {isa = PBXFileReference; lastKnownFileType = sourcecode.swift; path = ExpenseTypesTableViewController.swift; sourceTree = "<group>"; };
		04170DAC22452EF300C25005 /* ExpenseType+CoreDataClass.swift */ = {isa = PBXFileReference; lastKnownFileType = sourcecode.swift; path = "ExpenseType+CoreDataClass.swift"; sourceTree = "<group>"; };
		04170DAD22452EF300C25005 /* ExpenseType+CoreDataProperties.swift */ = {isa = PBXFileReference; lastKnownFileType = sourcecode.swift; path = "ExpenseType+CoreDataProperties.swift"; sourceTree = "<group>"; };
		04170DAE22452EF300C25005 /* Transaction+CoreDataClass.swift */ = {isa = PBXFileReference; lastKnownFileType = sourcecode.swift; path = "Transaction+CoreDataClass.swift"; sourceTree = "<group>"; };
		04170DAF22452EF300C25005 /* Transaction+CoreDataProperties.swift */ = {isa = PBXFileReference; lastKnownFileType = sourcecode.swift; path = "Transaction+CoreDataProperties.swift"; sourceTree = "<group>"; };
		04170DB822454C1F00C25005 /* ExpenseTypesUpdater.swift */ = {isa = PBXFileReference; lastKnownFileType = sourcecode.swift; path = ExpenseTypesUpdater.swift; sourceTree = "<group>"; };
		04170DC32246C7CB00C25005 /* ExpensesTableViewController.swift */ = {isa = PBXFileReference; lastKnownFileType = sourcecode.swift; path = ExpensesTableViewController.swift; sourceTree = "<group>"; };
		04170DC52246C9B200C25005 /* ExpensesTableViewCell.swift */ = {isa = PBXFileReference; lastKnownFileType = sourcecode.swift; path = ExpensesTableViewCell.swift; sourceTree = "<group>"; };
		04170DCC2246D3DC00C25005 /* Date.swift */ = {isa = PBXFileReference; lastKnownFileType = sourcecode.swift; path = Date.swift; sourceTree = "<group>"; };
		04170DD12248214700C25005 /* ExpenseHistoryTableViewCell.swift */ = {isa = PBXFileReference; lastKnownFileType = sourcecode.swift; path = ExpenseHistoryTableViewCell.swift; sourceTree = "<group>"; };
		04170DD3224827FA00C25005 /* ExpenseHistoryTableViewController.swift */ = {isa = PBXFileReference; lastKnownFileType = sourcecode.swift; path = ExpenseHistoryTableViewController.swift; sourceTree = "<group>"; };
		04170DD622484C4100C25005 /* EditExpensesViewController.swift */ = {isa = PBXFileReference; lastKnownFileType = sourcecode.swift; path = EditExpensesViewController.swift; sourceTree = "<group>"; };
		04170DD922486FA700C25005 /* SegueFromRight.swift */ = {isa = PBXFileReference; lastKnownFileType = sourcecode.swift; path = SegueFromRight.swift; sourceTree = "<group>"; };
		04170DDB2249188A00C25005 /* String.swift */ = {isa = PBXFileReference; lastKnownFileType = sourcecode.swift; path = String.swift; sourceTree = "<group>"; };
		04170DDE2249704E00C25005 /* TabBarControllerSwitch.swift */ = {isa = PBXFileReference; lastKnownFileType = sourcecode.swift; path = TabBarControllerSwitch.swift; sourceTree = "<group>"; };
		04C8962D224404FA0000DB6C /* Expense Tracker.app */ = {isa = PBXFileReference; explicitFileType = wrapper.application; includeInIndex = 0; path = "Expense Tracker.app"; sourceTree = BUILT_PRODUCTS_DIR; };
		04C89630224404FA0000DB6C /* AppDelegate.swift */ = {isa = PBXFileReference; lastKnownFileType = sourcecode.swift; path = AppDelegate.swift; sourceTree = "<group>"; };
		04C89632224404FA0000DB6C /* AddTransactionViewController.swift */ = {isa = PBXFileReference; lastKnownFileType = sourcecode.swift; path = AddTransactionViewController.swift; sourceTree = "<group>"; };
		04C89635224404FA0000DB6C /* Base */ = {isa = PBXFileReference; lastKnownFileType = file.storyboard; name = Base; path = Base.lproj/Main.storyboard; sourceTree = "<group>"; };
		04C89638224404FA0000DB6C /* Expense_Tracker.xcdatamodel */ = {isa = PBXFileReference; lastKnownFileType = wrapper.xcdatamodel; path = Expense_Tracker.xcdatamodel; sourceTree = "<group>"; };
		04C8963A224404FC0000DB6C /* Assets.xcassets */ = {isa = PBXFileReference; lastKnownFileType = folder.assetcatalog; path = Assets.xcassets; sourceTree = "<group>"; };
		04C8963D224404FC0000DB6C /* Base */ = {isa = PBXFileReference; lastKnownFileType = file.storyboard; name = Base; path = Base.lproj/LaunchScreen.storyboard; sourceTree = "<group>"; };
		04C8963F224404FC0000DB6C /* Info.plist */ = {isa = PBXFileReference; lastKnownFileType = text.plist.xml; path = Info.plist; sourceTree = "<group>"; };
		04C8964722446C360000DB6C /* Immutables.swift */ = {isa = PBXFileReference; lastKnownFileType = sourcecode.swift; path = Immutables.swift; sourceTree = "<group>"; };
/* End PBXFileReference section */

/* Begin PBXFrameworksBuildPhase section */
		04C8962A224404FA0000DB6C /* Frameworks */ = {
			isa = PBXFrameworksBuildPhase;
			buildActionMask = 2147483647;
			files = (
			);
			runOnlyForDeploymentPostprocessing = 0;
		};
/* End PBXFrameworksBuildPhase section */

/* Begin PBXGroup section */
		04170D9622448CE600C25005 /* ExpenseTypes */ = {
			isa = PBXGroup;
			children = (
				04170D9B22448E8A00C25005 /* NewExpenseTypeTableViewCell.swift */,
				04170D9C22448E8A00C25005 /* NewExpenseTypeTableViewCell.xib */,
				04170DA32244A06500C25005 /* ExpenseTypesTableViewCell.swift */,
				04170DA52244A27400C25005 /* ExpenseTypesTableViewController.swift */,
			);
			path = ExpenseTypes;
			sourceTree = "<group>";
		};
		04170DA72245202100C25005 /* Model */ = {
			isa = PBXGroup;
			children = (
				04170DAF22452EF300C25005 /* Transaction+CoreDataProperties.swift */,
				04170DAD22452EF300C25005 /* ExpenseType+CoreDataProperties.swift */,
			);
			path = Model;
			sourceTree = "<group>";
		};
		04170DBA2245555100C25005 /* Model */ = {
			isa = PBXGroup;
			children = (
				04C89637224404FA0000DB6C /* Expense_Tracker.xcdatamodeld */,
			);
			path = Model;
			sourceTree = "<group>";
		};
		04170DBB2245556400C25005 /* Transaction */ = {
			isa = PBXGroup;
			children = (
				04C89632224404FA0000DB6C /* AddTransactionViewController.swift */,
			);
			path = Transaction;
			sourceTree = "<group>";
		};
		04170DC22246C79500C25005 /* Expenses */ = {
			isa = PBXGroup;
			children = (
				04170DC32246C7CB00C25005 /* ExpensesTableViewController.swift */,
				04170DC52246C9B200C25005 /* ExpensesTableViewCell.swift */,
			);
			path = Expenses;
			sourceTree = "<group>";
		};
		04170DCB2246D3C800C25005 /* Extensions */ = {
			isa = PBXGroup;
			children = (
				04170DCC2246D3DC00C25005 /* Date.swift */,
				04170DDB2249188A00C25005 /* String.swift */,
			);
			path = Extensions;
			sourceTree = "<group>";
		};
		04170DD02248212200C25005 /* ExpenseHistory */ = {
			isa = PBXGroup;
			children = (
				04170DD12248214700C25005 /* ExpenseHistoryTableViewCell.swift */,
				04170DD3224827FA00C25005 /* ExpenseHistoryTableViewController.swift */,
			);
			path = ExpenseHistory;
			sourceTree = "<group>";
		};
		04170DD5224844B200C25005 /* EditExpense */ = {
			isa = PBXGroup;
			children = (
				04170DD622484C4100C25005 /* EditExpensesViewController.swift */,
			);
			path = EditExpense;
			sourceTree = "<group>";
		};
		04170DD822486F8400C25005 /* Segue */ = {
			isa = PBXGroup;
			children = (
				04170DD922486FA700C25005 /* SegueFromRight.swift */,
			);
			path = Segue;
			sourceTree = "<group>";
		};
		04170DDD22496FE200C25005 /* Delegate */ = {
			isa = PBXGroup;
			children = (
				04170DB822454C1F00C25005 /* ExpenseTypesUpdater.swift */,
				04170DDE2249704E00C25005 /* TabBarControllerSwitch.swift */,
			);
			path = Delegate;
			sourceTree = "<group>";
		};
		04C89624224404FA0000DB6C = {
			isa = PBXGroup;
			children = (
				04C8962F224404FA0000DB6C /* Expense Tracker */,
				04C8962E224404FA0000DB6C /* Products */,
			);
			sourceTree = "<group>";
		};
		04C8962E224404FA0000DB6C /* Products */ = {
			isa = PBXGroup;
			children = (
				04C8962D224404FA0000DB6C /* Expense Tracker.app */,
			);
			name = Products;
			sourceTree = "<group>";
		};
		04C8962F224404FA0000DB6C /* Expense Tracker */ = {
			isa = PBXGroup;
			children = (
				04170DDD22496FE200C25005 /* Delegate */,
				04170DD822486F8400C25005 /* Segue */,
				04170DD5224844B200C25005 /* EditExpense */,
				04170DD02248212200C25005 /* ExpenseHistory */,
				04170DCB2246D3C800C25005 /* Extensions */,
				04170DC22246C79500C25005 /* Expenses */,
				04170DBB2245556400C25005 /* Transaction */,
				04170DA72245202100C25005 /* Model */,
				04170D9622448CE600C25005 /* ExpenseTypes */,
				04C8964A224471070000DB6C /* Constants */,
				04C89649224470120000DB6C /* CoreData */,
				04C89630224404FA0000DB6C /* AppDelegate.swift */,
				04C89634224404FA0000DB6C /* Main.storyboard */,
				04C8963A224404FC0000DB6C /* Assets.xcassets */,
				04C8963C224404FC0000DB6C /* LaunchScreen.storyboard */,
				04C8963F224404FC0000DB6C /* Info.plist */,
			);
			path = "Expense Tracker";
			sourceTree = "<group>";
		};
		04C89649224470120000DB6C /* CoreData */ = {
			isa = PBXGroup;
			children = (
				04170DBA2245555100C25005 /* Model */,
				04170DAE22452EF300C25005 /* Transaction+CoreDataClass.swift */,
				04170DAC22452EF300C25005 /* ExpenseType+CoreDataClass.swift */,
			);
			path = CoreData;
			sourceTree = "<group>";
		};
		04C8964A224471070000DB6C /* Constants */ = {
			isa = PBXGroup;
			children = (
				04C8964722446C360000DB6C /* Immutables.swift */,
			);
			path = Constants;
			sourceTree = "<group>";
		};
/* End PBXGroup section */

/* Begin PBXNativeTarget section */
		04C8962C224404FA0000DB6C /* Expense Tracker */ = {
			isa = PBXNativeTarget;
			buildConfigurationList = 04C89642224404FC0000DB6C /* Build configuration list for PBXNativeTarget "Expense Tracker" */;
			buildPhases = (
				04C89629224404FA0000DB6C /* Sources */,
				04C8962A224404FA0000DB6C /* Frameworks */,
				04C8962B224404FA0000DB6C /* Resources */,
			);
			buildRules = (
			);
			dependencies = (
			);
			name = "Expense Tracker";
			productName = "Expense Tracker";
			productReference = 04C8962D224404FA0000DB6C /* Expense Tracker.app */;
			productType = "com.apple.product-type.application";
		};
/* End PBXNativeTarget section */

/* Begin PBXProject section */
		04C89625224404FA0000DB6C /* Project object */ = {
			isa = PBXProject;
			attributes = {
				LastSwiftUpdateCheck = 1010;
				LastUpgradeCheck = 1010;
				ORGANIZATIONNAME = com.madi.budget;
				TargetAttributes = {
					04C8962C224404FA0000DB6C = {
						CreatedOnToolsVersion = 10.1;
					};
				};
			};
			buildConfigurationList = 04C89628224404FA0000DB6C /* Build configuration list for PBXProject "Expense Tracker" */;
			compatibilityVersion = "Xcode 9.3";
			developmentRegion = en;
			hasScannedForEncodings = 0;
			knownRegions = (
				en,
				Base,
			);
			mainGroup = 04C89624224404FA0000DB6C;
			productRefGroup = 04C8962E224404FA0000DB6C /* Products */;
			projectDirPath = "";
			projectRoot = "";
			targets = (
				04C8962C224404FA0000DB6C /* Expense Tracker */,
			);
		};
/* End PBXProject section */

/* Begin PBXResourcesBuildPhase section */
		04C8962B224404FA0000DB6C /* Resources */ = {
			isa = PBXResourcesBuildPhase;
			buildActionMask = 2147483647;
			files = (
				04C8963E224404FC0000DB6C /* LaunchScreen.storyboard in Resources */,
				04C8963B224404FC0000DB6C /* Assets.xcassets in Resources */,
				04C89636224404FA0000DB6C /* Main.storyboard in Resources */,
				04170D9E22448E8A00C25005 /* NewExpenseTypeTableViewCell.xib in Resources */,
			);
			runOnlyForDeploymentPostprocessing = 0;
		};
/* End PBXResourcesBuildPhase section */

/* Begin PBXSourcesBuildPhase section */
		04C89629224404FA0000DB6C /* Sources */ = {
			isa = PBXSourcesBuildPhase;
			buildActionMask = 2147483647;
			files = (
				04C89639224404FA0000DB6C /* Expense_Tracker.xcdatamodeld in Sources */,
				04170DCD2246D3DC00C25005 /* Date.swift in Sources */,
				04170DDC2249188A00C25005 /* String.swift in Sources */,
				04170DB022452EF300C25005 /* ExpenseType+CoreDataClass.swift in Sources */,
				04170DD4224827FA00C25005 /* ExpenseHistoryTableViewController.swift in Sources */,
				04170DC42246C7CB00C25005 /* ExpensesTableViewController.swift in Sources */,
				04C89633224404FA0000DB6C /* AddTransactionViewController.swift in Sources */,
				04170DD722484C4100C25005 /* EditExpensesViewController.swift in Sources */,
				04170DDA22486FA700C25005 /* SegueFromRight.swift in Sources */,
				04170DA42244A06500C25005 /* ExpenseTypesTableViewCell.swift in Sources */,
				04170DA62244A27400C25005 /* ExpenseTypesTableViewController.swift in Sources */,
				04170DC62246C9B200C25005 /* ExpensesTableViewCell.swift in Sources */,
				04C89631224404FA0000DB6C /* AppDelegate.swift in Sources */,
				04C8964822446C360000DB6C /* Immutables.swift in Sources */,
				04170DB322452EF300C25005 /* Transaction+CoreDataProperties.swift in Sources */,
				04170DD22248214700C25005 /* ExpenseHistoryTableViewCell.swift in Sources */,
				04170DB122452EF300C25005 /* ExpenseType+CoreDataProperties.swift in Sources */,
				04170DB222452EF300C25005 /* Transaction+CoreDataClass.swift in Sources */,
				04170DB922454C1F00C25005 /* ExpenseTypesUpdater.swift in Sources */,
				04170DDF2249704E00C25005 /* TabBarControllerSwitch.swift in Sources */,
				04170D9D22448E8A00C25005 /* NewExpenseTypeTableViewCell.swift in Sources */,
			);
			runOnlyForDeploymentPostprocessing = 0;
		};
/* End PBXSourcesBuildPhase section */

/* Begin PBXVariantGroup section */
		04C89634224404FA0000DB6C /* Main.storyboard */ = {
			isa = PBXVariantGroup;
			children = (
				04C89635224404FA0000DB6C /* Base */,
			);
			name = Main.storyboard;
			sourceTree = "<group>";
		};
		04C8963C224404FC0000DB6C /* LaunchScreen.storyboard */ = {
			isa = PBXVariantGroup;
			children = (
				04C8963D224404FC0000DB6C /* Base */,
			);
			name = LaunchScreen.storyboard;
			sourceTree = "<group>";
		};
/* End PBXVariantGroup section */

/* Begin XCBuildConfiguration section */
		04C89640224404FC0000DB6C /* Debug */ = {
			isa = XCBuildConfiguration;
			buildSettings = {
				ALWAYS_SEARCH_USER_PATHS = NO;
				CLANG_ANALYZER_NONNULL = YES;
				CLANG_ANALYZER_NUMBER_OBJECT_CONVERSION = YES_AGGRESSIVE;
				CLANG_CXX_LANGUAGE_STANDARD = "gnu++14";
				CLANG_CXX_LIBRARY = "libc++";
				CLANG_ENABLE_MODULES = YES;
				CLANG_ENABLE_OBJC_ARC = YES;
				CLANG_ENABLE_OBJC_WEAK = YES;
				CLANG_WARN_BLOCK_CAPTURE_AUTORELEASING = YES;
				CLANG_WARN_BOOL_CONVERSION = YES;
				CLANG_WARN_COMMA = YES;
				CLANG_WARN_CONSTANT_CONVERSION = YES;
				CLANG_WARN_DEPRECATED_OBJC_IMPLEMENTATIONS = YES;
				CLANG_WARN_DIRECT_OBJC_ISA_USAGE = YES_ERROR;
				CLANG_WARN_DOCUMENTATION_COMMENTS = YES;
				CLANG_WARN_EMPTY_BODY = YES;
				CLANG_WARN_ENUM_CONVERSION = YES;
				CLANG_WARN_INFINITE_RECURSION = YES;
				CLANG_WARN_INT_CONVERSION = YES;
				CLANG_WARN_NON_LITERAL_NULL_CONVERSION = YES;
				CLANG_WARN_OBJC_IMPLICIT_RETAIN_SELF = YES;
				CLANG_WARN_OBJC_LITERAL_CONVERSION = YES;
				CLANG_WARN_OBJC_ROOT_CLASS = YES_ERROR;
				CLANG_WARN_RANGE_LOOP_ANALYSIS = YES;
				CLANG_WARN_STRICT_PROTOTYPES = YES;
				CLANG_WARN_SUSPICIOUS_MOVE = YES;
				CLANG_WARN_UNGUARDED_AVAILABILITY = YES_AGGRESSIVE;
				CLANG_WARN_UNREACHABLE_CODE = YES;
				CLANG_WARN__DUPLICATE_METHOD_MATCH = YES;
				CODE_SIGN_IDENTITY = "iPhone Developer";
				COPY_PHASE_STRIP = NO;
				DEBUG_INFORMATION_FORMAT = dwarf;
				ENABLE_STRICT_OBJC_MSGSEND = YES;
				ENABLE_TESTABILITY = YES;
				GCC_C_LANGUAGE_STANDARD = gnu11;
				GCC_DYNAMIC_NO_PIC = NO;
				GCC_NO_COMMON_BLOCKS = YES;
				GCC_OPTIMIZATION_LEVEL = 0;
				GCC_PREPROCESSOR_DEFINITIONS = (
					"DEBUG=1",
					"$(inherited)",
				);
				GCC_WARN_64_TO_32_BIT_CONVERSION = YES;
				GCC_WARN_ABOUT_RETURN_TYPE = YES_ERROR;
				GCC_WARN_UNDECLARED_SELECTOR = YES;
				GCC_WARN_UNINITIALIZED_AUTOS = YES_AGGRESSIVE;
				GCC_WARN_UNUSED_FUNCTION = YES;
				GCC_WARN_UNUSED_VARIABLE = YES;
				IPHONEOS_DEPLOYMENT_TARGET = 12.1;
				MTL_ENABLE_DEBUG_INFO = INCLUDE_SOURCE;
				MTL_FAST_MATH = YES;
				ONLY_ACTIVE_ARCH = YES;
				SDKROOT = iphoneos;
				SWIFT_ACTIVE_COMPILATION_CONDITIONS = DEBUG;
				SWIFT_OPTIMIZATION_LEVEL = "-Onone";
			};
			name = Debug;
		};
		04C89641224404FC0000DB6C /* Release */ = {
			isa = XCBuildConfiguration;
			buildSettings = {
				ALWAYS_SEARCH_USER_PATHS = NO;
				CLANG_ANALYZER_NONNULL = YES;
				CLANG_ANALYZER_NUMBER_OBJECT_CONVERSION = YES_AGGRESSIVE;
				CLANG_CXX_LANGUAGE_STANDARD = "gnu++14";
				CLANG_CXX_LIBRARY = "libc++";
				CLANG_ENABLE_MODULES = YES;
				CLANG_ENABLE_OBJC_ARC = YES;
				CLANG_ENABLE_OBJC_WEAK = YES;
				CLANG_WARN_BLOCK_CAPTURE_AUTORELEASING = YES;
				CLANG_WARN_BOOL_CONVERSION = YES;
				CLANG_WARN_COMMA = YES;
				CLANG_WARN_CONSTANT_CONVERSION = YES;
				CLANG_WARN_DEPRECATED_OBJC_IMPLEMENTATIONS = YES;
				CLANG_WARN_DIRECT_OBJC_ISA_USAGE = YES_ERROR;
				CLANG_WARN_DOCUMENTATION_COMMENTS = YES;
				CLANG_WARN_EMPTY_BODY = YES;
				CLANG_WARN_ENUM_CONVERSION = YES;
				CLANG_WARN_INFINITE_RECURSION = YES;
				CLANG_WARN_INT_CONVERSION = YES;
				CLANG_WARN_NON_LITERAL_NULL_CONVERSION = YES;
				CLANG_WARN_OBJC_IMPLICIT_RETAIN_SELF = YES;
				CLANG_WARN_OBJC_LITERAL_CONVERSION = YES;
				CLANG_WARN_OBJC_ROOT_CLASS = YES_ERROR;
				CLANG_WARN_RANGE_LOOP_ANALYSIS = YES;
				CLANG_WARN_STRICT_PROTOTYPES = YES;
				CLANG_WARN_SUSPICIOUS_MOVE = YES;
				CLANG_WARN_UNGUARDED_AVAILABILITY = YES_AGGRESSIVE;
				CLANG_WARN_UNREACHABLE_CODE = YES;
				CLANG_WARN__DUPLICATE_METHOD_MATCH = YES;
				CODE_SIGN_IDENTITY = "iPhone Developer";
				COPY_PHASE_STRIP = NO;
				DEBUG_INFORMATION_FORMAT = "dwarf-with-dsym";
				ENABLE_NS_ASSERTIONS = NO;
				ENABLE_STRICT_OBJC_MSGSEND = YES;
				GCC_C_LANGUAGE_STANDARD = gnu11;
				GCC_NO_COMMON_BLOCKS = YES;
				GCC_WARN_64_TO_32_BIT_CONVERSION = YES;
				GCC_WARN_ABOUT_RETURN_TYPE = YES_ERROR;
				GCC_WARN_UNDECLARED_SELECTOR = YES;
				GCC_WARN_UNINITIALIZED_AUTOS = YES_AGGRESSIVE;
				GCC_WARN_UNUSED_FUNCTION = YES;
				GCC_WARN_UNUSED_VARIABLE = YES;
				IPHONEOS_DEPLOYMENT_TARGET = 12.1;
				MTL_ENABLE_DEBUG_INFO = NO;
				MTL_FAST_MATH = YES;
				SDKROOT = iphoneos;
				SWIFT_COMPILATION_MODE = wholemodule;
				SWIFT_OPTIMIZATION_LEVEL = "-O";
				VALIDATE_PRODUCT = YES;
			};
			name = Release;
		};
		04C89643224404FC0000DB6C /* Debug */ = {
			isa = XCBuildConfiguration;
			buildSettings = {
				ASSETCATALOG_COMPILER_APPICON_NAME = AppIcon;
				CODE_SIGN_STYLE = Automatic;
				DEVELOPMENT_TEAM = VJ93468A8B;
				INFOPLIST_FILE = "Expense Tracker/Info.plist";
				LD_RUNPATH_SEARCH_PATHS = (
					"$(inherited)",
					"@executable_path/Frameworks",
				);
				PRODUCT_BUNDLE_IDENTIFIER = "com.madi.budget.Expense-Tracker";
				PRODUCT_NAME = "$(TARGET_NAME)";
				SWIFT_VERSION = 4.2;
				TARGETED_DEVICE_FAMILY = "1,2";
			};
			name = Debug;
		};
		04C89644224404FC0000DB6C /* Release */ = {
			isa = XCBuildConfiguration;
			buildSettings = {
				ASSETCATALOG_COMPILER_APPICON_NAME = AppIcon;
				CODE_SIGN_STYLE = Automatic;
				DEVELOPMENT_TEAM = VJ93468A8B;
				INFOPLIST_FILE = "Expense Tracker/Info.plist";
				LD_RUNPATH_SEARCH_PATHS = (
					"$(inherited)",
					"@executable_path/Frameworks",
				);
				PRODUCT_BUNDLE_IDENTIFIER = "com.madi.budget.Expense-Tracker";
				PRODUCT_NAME = "$(TARGET_NAME)";
				SWIFT_VERSION = 4.2;
				TARGETED_DEVICE_FAMILY = "1,2";
			};
			name = Release;
		};
/* End XCBuildConfiguration section */

/* Begin XCConfigurationList section */
		04C89628224404FA0000DB6C /* Build configuration list for PBXProject "Expense Tracker" */ = {
			isa = XCConfigurationList;
			buildConfigurations = (
				04C89640224404FC0000DB6C /* Debug */,
				04C89641224404FC0000DB6C /* Release */,
			);
			defaultConfigurationIsVisible = 0;
			defaultConfigurationName = Release;
		};
		04C89642224404FC0000DB6C /* Build configuration list for PBXNativeTarget "Expense Tracker" */ = {
			isa = XCConfigurationList;
			buildConfigurations = (
				04C89643224404FC0000DB6C /* Debug */,
				04C89644224404FC0000DB6C /* Release */,
			);
			defaultConfigurationIsVisible = 0;
			defaultConfigurationName = Release;
		};
/* End XCConfigurationList section */

/* Begin XCVersionGroup section */
		04C89637224404FA0000DB6C /* Expense_Tracker.xcdatamodeld */ = {
			isa = XCVersionGroup;
			children = (
				04C89638224404FA0000DB6C /* Expense_Tracker.xcdatamodel */,
			);
			currentVersion = 04C89638224404FA0000DB6C /* Expense_Tracker.xcdatamodel */;
			path = Expense_Tracker.xcdatamodeld;
			sourceTree = "<group>";
			versionGroupType = wrapper.xcdatamodel;
		};
/* End XCVersionGroup section */
	};
	rootObject = 04C89625224404FA0000DB6C /* Project object */;
}
